# THIS IS AN AUTOGENERATED FILE. DO NOT EDIT THIS FILE DIRECTLY.
# yarn lockfile v1


classnames@^2.2.5:
  version "2.2.6"
  resolved "https://registry.yarnpkg.com/classnames/-/classnames-2.2.6.tgz#43935bffdd291f326dad0a205309b38d00f650ce"
  integrity sha512-JR/iSQOSt+LQIWwrwEzJ9uk0xfN3mTVYMwt1Ir5mUcSN6pU+V4zQFFaJsclJbPuAUQH+yfWef6tm7l1quW3C8Q==

object-assign@^4.1.0, object-assign@^4.1.1:
  version "4.1.1"
  resolved "https://registry.yarnpkg.com/object-assign/-/object-assign-4.1.1.tgz#2109adc7965887cfc05cbbd442cac8bfbb360863"
  integrity sha1-IQmtx5ZYh8/AXLvUQsrIv7s2CGM=

react-contextmenu@^2.10.0:
  version "2.13.0"
  resolved "https://registry.yarnpkg.com/react-contextmenu/-/react-contextmenu-2.13.0.tgz#dabaea63124e30c85f1b4245c095b7045d013459"
  integrity sha512-hhFuJX4di0zGV7H7pXPn42U70OZbGpQD+PxcdmKStNT5mebSjI+inhOuFESDmDbqVsN/f99hI5/nw95oXTVRXQ==
  dependencies:
    classnames "^2.2.5"
    object-assign "^4.1.0"

react-is-deprecated@^0.1.2:
  version "0.1.2"
  resolved "https://registry.yarnpkg.com/react-is-deprecated/-/react-is-deprecated-0.1.2.tgz#301148f86ea428fe8e673eca7a372160b7579dbd"
  integrity sha1-MBFI+G6kKP6OZz7KejchYLdXnb0=

shallowequal@^1.1.0:
  version "1.1.0"
  resolved "https://registry.yarnpkg.com/shallowequal/-/shallowequal-1.1.0.tgz#188d521de95b9087404fd4dcb68b13df0ae4e7f8"
  integrity sha512-y0m1JoUZSlPAjXVtPPW70aZWfIL/dSP7AFkRnniLCrK/8MDKog3TySTBmckD+RObVxH0v4Tox67+F14PdED2oQ==
